Microsoft Visual Studio Solution File, Format Version 12.00
# Visual Studio Version 17
VisualStudioVersion = 17.5.2.0
MinimumVisualStudioVersion = 10.0.40219.1
Project("{FAE04EC0-301F-11D3-BF4B-00C04F79EFBC}") = "csWinFkey", "csWinFkey.csproj", "{FED40E43-1047-CE8F-EDCB-C54DF544FCE3}"
EndProject
Global
	GlobalSection(SolutionConfigurationPlatforms) = preSolution
		Debug|Any CPU = Debug|Any CPU
		Release|Any CPU = Release|Any CPU
	EndGlobalSection
	GlobalSection(ProjectConfigurationPlatforms) = postSolution
		{FED40E43-1047-CE8F-EDCB-C54DF544FCE3}.Debug|Any CPU.ActiveCfg = Debug|Any CPU
		{FED40E43-1047-CE8F-EDCB-C54DF544FCE3}.Debug|Any CPU.Build.0 = Debug|Any CPU
		{FED40E43-1047-CE8F-EDCB-C54DF544FCE3}.Release|Any CPU.ActiveCfg = Release|Any CPU
		{FED40E43-1047-CE8F-EDCB-C54DF544FCE3}.Release|Any CPU.Build.0 = Release|Any CPU
	EndGlobalSection
	GlobalSection(SolutionProperties) = preSolution
		HideSolutionNode = FALSE
	EndGlobalSection
	GlobalSection(ExtensibilityGlobals) = postSolution
		SolutionGuid = {62E1375C-0F52-442B-AE3A-34273F9E1E24}
	EndGlobalSection
EndGlobal
